
Microsoft Visual Studio Solution File, Format Version 12.00
# Visual Studio Version 16
VisualStudioVersion = 16.0.33423.256
MinimumVisualStudioVersion = 10.0.40219.1
Project("{9A19103F-16F7-4668-BE54-9A1E7A4F7556}") = "GfdbFramework.MySql", "GfdbFramework.MySql\GfdbFramework.MySql.csproj", "{8DC40440-9FDD-40C0-BA89-C7638087DCE0}"
EndProject
Project("{9A19103F-16F7-4668-BE54-9A1E7A4F7556}") = "GfdbFramework.MySql.Test", "GfdbFramework.MySql.Test\GfdbFramework.MySql.Test.csproj", "{0A0F2CBE-DA6F-4390-895B-E33F7AB6F93D}"
EndProject
Global
	GlobalSection(SolutionConfigurationPlatforms) = preSolution
		Debug|Any CPU = Debug|Any CPU
		Release|Any CPU = Release|Any CPU
	EndGlobalSection
	GlobalSection(ProjectConfigurationPlatforms) = postSolution
		{8DC40440-9FDD-40C0-BA89-C7638087DCE0}.Debug|Any CPU.ActiveCfg = Debug|Any CPU
		{8DC40440-9FDD-40C0-BA89-C7638087DCE0}.Debug|Any CPU.Build.0 = Debug|Any CPU
		{8DC40440-9FDD-40C0-BA89-C7638087DCE0}.Release|Any CPU.ActiveCfg = Release|Any CPU
		{8DC40440-9FDD-40C0-BA89-C7638087DCE0}.Release|Any CPU.Build.0 = Release|Any CPU
		{0A0F2CBE-DA6F-4390-895B-E33F7AB6F93D}.Debug|Any CPU.ActiveCfg = Debug|Any CPU
		{0A0F2CBE-DA6F-4390-895B-E33F7AB6F93D}.Debug|Any CPU.Build.0 = Debug|Any CPU
		{0A0F2CBE-DA6F-4390-895B-E33F7AB6F93D}.Release|Any CPU.ActiveCfg = Release|Any CPU
		{0A0F2CBE-DA6F-4390-895B-E33F7AB6F93D}.Release|Any CPU.Build.0 = Release|Any CPU
	EndGlobalSection
	GlobalSection(SolutionProperties) = preSolution
		HideSolutionNode = FALSE
	EndGlobalSection
	GlobalSection(ExtensibilityGlobals) = postSolution
		SolutionGuid = {3C3B1438-A2E7-4BF7-9AFA-081EF2380223}
	EndGlobalSection
EndGlobal
